
Microsoft Visual Studio Solution File, Format Version 12.00
# Visual Studio 15
VisualStudioVersion = 15.0.28307.779
MinimumVisualStudioVersion = 10.0.40219.1
Project("{2150E333-8FDC-42A3-9474-1A3956D46DE8}") = "Infrastructure", "Infrastructure", "{A1A51076-08B1-4136-B32A-6F3FD53E4D5F}"
EndProject
Project("{2150E333-8FDC-42A3-9474-1A3956D46DE8}") = "Apps", "Apps", "{C33FF564-843F-43BB-994E-722ECA8DE301}"
EndProject
Project("{FAE04EC0-301F-11D3-BF4B-00C04F79EFBC}") = "Sy.Core", "Sy.Core\Sy.Core.csproj", "{91522ECD-1FBE-45F0-A676-EA232A54BC9C}"
EndProject
Project("{FAE04EC0-301F-11D3-BF4B-00C04F79EFBC}") = "Sy.DataAccess", "Sy.DataAccess\Sy.DataAccess.csproj", "{0306AF8C-CB4F-4FE7-B496-779B3DBBDD4E}"
EndProject
Project("{FAE04EC0-301F-11D3-BF4B-00C04F79EFBC}") = "Sy.Business", "Sy.Business\Sy.Business.csproj", "{84C989BC-C368-4BA7-AEF8-A30EC22545DE}"
EndProject
Project("{FAE04EC0-301F-11D3-BF4B-00C04F79EFBC}") = "Sy.Forms", "Sy.Forms\Sy.Forms.csproj", "{B73C0F33-E0C7-4CCD-8F4B-EADC8D00D299}"
EndProject
Global
	GlobalSection(SolutionConfigurationPlatforms) = preSolution
		Debug|Any CPU = Debug|Any CPU
		Release|Any CPU = Release|Any CPU
	EndGlobalSection
	GlobalSection(ProjectConfigurationPlatforms) = postSolution
		{91522ECD-1FBE-45F0-A676-EA232A54BC9C}.Debug|Any CPU.ActiveCfg = Debug|Any CPU
		{91522ECD-1FBE-45F0-A676-EA232A54BC9C}.Debug|Any CPU.Build.0 = Debug|Any CPU
		{91522ECD-1FBE-45F0-A676-EA232A54BC9C}.Release|Any CPU.ActiveCfg = Release|Any CPU
		{91522ECD-1FBE-45F0-A676-EA232A54BC9C}.Release|Any CPU.Build.0 = Release|Any CPU
		{0306AF8C-CB4F-4FE7-B496-779B3DBBDD4E}.Debug|Any CPU.ActiveCfg = Debug|Any CPU
		{0306AF8C-CB4F-4FE7-B496-779B3DBBDD4E}.Debug|Any CPU.Build.0 = Debug|Any CPU
		{0306AF8C-CB4F-4FE7-B496-779B3DBBDD4E}.Release|Any CPU.ActiveCfg = Release|Any CPU
		{0306AF8C-CB4F-4FE7-B496-779B3DBBDD4E}.Release|Any CPU.Build.0 = Release|Any CPU
		{84C989BC-C368-4BA7-AEF8-A30EC22545DE}.Debug|Any CPU.ActiveCfg = Debug|Any CPU
		{84C989BC-C368-4BA7-AEF8-A30EC22545DE}.Debug|Any CPU.Build.0 = Debug|Any CPU
		{84C989BC-C368-4BA7-AEF8-A30EC22545DE}.Release|Any CPU.ActiveCfg = Release|Any CPU
		{84C989BC-C368-4BA7-AEF8-A30EC22545DE}.Release|Any CPU.Build.0 = Release|Any CPU
		{B73C0F33-E0C7-4CCD-8F4B-EADC8D00D299}.Debug|Any CPU.ActiveCfg = Debug|Any CPU
		{B73C0F33-E0C7-4CCD-8F4B-EADC8D00D299}.Debug|Any CPU.Build.0 = Debug|Any CPU
		{B73C0F33-E0C7-4CCD-8F4B-EADC8D00D299}.Release|Any CPU.ActiveCfg = Release|Any CPU
		{B73C0F33-E0C7-4CCD-8F4B-EADC8D00D299}.Release|Any CPU.Build.0 = Release|Any CPU
	EndGlobalSection
	GlobalSection(SolutionProperties) = preSolution
		HideSolutionNode = FALSE
	EndGlobalSection
	GlobalSection(NestedProjects) = preSolution
		{91522ECD-1FBE-45F0-A676-EA232A54BC9C} = {A1A51076-08B1-4136-B32A-6F3FD53E4D5F}
		{0306AF8C-CB4F-4FE7-B496-779B3DBBDD4E} = {A1A51076-08B1-4136-B32A-6F3FD53E4D5F}
		{84C989BC-C368-4BA7-AEF8-A30EC22545DE} = {A1A51076-08B1-4136-B32A-6F3FD53E4D5F}
		{B73C0F33-E0C7-4CCD-8F4B-EADC8D00D299} = {C33FF564-843F-43BB-994E-722ECA8DE301}
	EndGlobalSection
	GlobalSection(ExtensibilityGlobals) = postSolution
		SolutionGuid = {DAD0B52B-2105-4814-9B02-64975699553C}
	EndGlobalSection
EndGlobal
